<?xml version="1.0" encoding="utf-8"?>
<Project ToolsVersion="4.0" xmlns="http://schemas.microsoft.com/developer/msbuild/2003">
  <ItemGroup>
    <Filter Include="Source files">
      <UniqueIdentifier>{b0feaf5b-d365-4de3-9a9d-d1b4790e2d3c}</UniqueIdentifier>
      <Extensions>cpp;c;cc;cxx;def;odl;idl;hpj;bat;asm;asmx</Extensions>
    </Filter>
    <Filter Include="Header files">
      <UniqueIdentifier>{7970bd51-6687-49bc-aa0b-e56e449b2de7}</UniqueIdentifier>
      <Extensions>h;hpp;hxx;hm;inl;inc;xsd</Extensions>
    </Filter>
    <Filter Include="Source files\Device-specific files">
      <UniqueIdentifier>{9964d31c-d6d5-4edf-8de4-684e5577544e}</UniqueIdentifier>
    </Filter>
    <Filter Include="Header files\Device-specific files">
      <UniqueIdentifier>{9ab641b9-aaf9-4d27-8f53-e04bc244dd4e}</UniqueIdentifier>
    </Filter>
    <Filter Include="VisualGDB settings">
      <UniqueIdentifier>{7e5ff165-d04d-4dad-869e-14dd7243aef5}</UniqueIdentifier>
    </Filter>
    <Filter Include="Source files\Device-specific files\Semihosting/Profiler">
      <UniqueIdentifier>{e3072169-f7d5-4bc1-b323-68f4b04d3543}</UniqueIdentifier>
    </Filter>
    <Filter Include="Header files\Device-specific files\Semihosting/Profiler">
      <UniqueIdentifier>{cc46a879-f065-4934-bfd5-12df840e7f32}</UniqueIdentifier>
    </Filter>
    <Filter Include="Source files\.visualgdb">
      <UniqueIdentifier>{225eb1f4-32ca-4ec2-83c8-ce6d826be355}</UniqueIdentifier>
    </Filter>
    <Filter Include="Source files\.visualgdb\CodeDB">
      <UniqueIdentifier>{c7608ba6-b8d5-44bd-a047-10350c76e67e}</UniqueIdentifier>
    </Filter>
    <Filter Include="Source files\.visualgdb\CodeDB\EmbeddedProject11-Debug-VisualGDB">
      <UniqueIdentifier>{b1740667-00e5-4506-8191-2d0082a96fc6}</UniqueIdentifier>
    </Filter>
    <Filter Include="Source files\BSP">
      <UniqueIdentifier>{53785406-c5ca-45ec-a9f6-cedb506b02a0}</UniqueIdentifier>
    </Filter>
    <Filter Include="Source files\BSP\Common">
      <UniqueIdentifier>{0571b4a3-6b45-4dab-9015-ba55e062e6c1}</UniqueIdentifier>
    </Filter>
    <Filter Include="Source files\BSP\LPC17xx_40xx">
      <UniqueIdentifier>{c643b501-a61e-4dab-a86d-736d6f227969}</UniqueIdentifier>
    </Filter>
    <Filter Include="Source files\BSP\LPC17xx_40xx\lpc_chip_17xx">
      <UniqueIdentifier>{d7ea98aa-87b3-4c8b-9a32-8119d2e51729}</UniqueIdentifier>
    </Filter>
    <Filter Include="Source files\BSP\LPC17xx_40xx\lpc_chip_17xx\CMSIS">
      <UniqueIdentifier>{5f2bd879-6d8c-4e33-ba5c-bc6d92a433b4}</UniqueIdentifier>
    </Filter>
    <Filter Include="Source files\BSP\LPC17xx_40xx\lpc_chip_17xx\CMSIS\CMSIS">
      <UniqueIdentifier>{4003efcf-7a3c-4944-a1b8-082daf62bb0b}</UniqueIdentifier>
    </Filter>
    <Filter Include="Source files\BSP\LPC17xx_40xx\lpc_chip_17xx\CMSIS\CMSIS\Include">
      <UniqueIdentifier>{5feadf12-e20d-4b32-b499-46d425b41727}</UniqueIdentifier>
    </Filter>
    <Filter Include="Source files\BSP\LPC17xx_40xx\lpc_chip_17xx\CMSIS\CMSIS\RTOS">
      <UniqueIdentifier>{170c1ef6-0d9c-4892-a1a3-d90ea233b9a4}</UniqueIdentifier>
    </Filter>
    <Filter Include="Source files\BSP\LPC17xx_40xx\lpc_chip_17xx\lpc_chip">
      <UniqueIdentifier>{b5e7c2ce-2e0b-4d23-b625-bc259c36a54e}</UniqueIdentifier>
    </Filter>
    <Filter Include="Source files\BSP\LPC17xx_40xx\lpc_chip_17xx\lpc_chip\chip_17xx_40xx">
      <UniqueIdentifier>{b93d6ef6-4674-46ce-8588-f19fc5453cec}</UniqueIdentifier>
    </Filter>
    <Filter Include="Source files\BSP\LPC17xx_40xx\lpc_chip_17xx\lpc_chip\chip_17xx_40xx\config_175x_6x">
      <UniqueIdentifier>{6ea16d62-5215-4191-92cb-20d33b83140d}</UniqueIdentifier>
    </Filter>
    <Filter Include="Source files\BSP\LPC17xx_40xx\lpc_chip_17xx\lpc_chip\chip_17xx_40xx\config_177x_8x">
      <UniqueIdentifier>{9c55483b-7793-444b-a83b-981ab34b5918}</UniqueIdentifier>
    </Filter>
    <Filter Include="Source files\BSP\LPC17xx_40xx\lpc_chip_17xx\lpc_chip\chip_common">
      <UniqueIdentifier>{7971f792-d050-467e-8269-68cfee3b086e}</UniqueIdentifier>
    </Filter>
    <Filter Include="Source files\BSP\LPC17xx_40xx\lpc_chip_17xx\lpc_chip\usbd_rom">
      <UniqueIdentifier>{21ce6a62-fa22-44bc-be67-dbeaaedb3df1}</UniqueIdentifier>
    </Filter>
    <Filter Include="Source files\BSP\LPC17xx_40xx\StartupFiles">
      <UniqueIdentifier>{69b7cd5c-97c9-4b20-ae04-484eb9c0bb16}</UniqueIdentifier>
    </Filter>
    <Filter Include="Source files\lpc_core">
      <UniqueIdentifier>{8828d3d7-bd0e-4949-95d6-2121f81f0dd1}</UniqueIdentifier>
    </Filter>
    <Filter Include="Source files\lpc_core\lpc_board">
      <UniqueIdentifier>{dc791dc2-de30-4363-9608-1780fd8c5688}</UniqueIdentifier>
    </Filter>
    <Filter Include="Source files\lpc_core\lpc_board\boards_17xx">
      <UniqueIdentifier>{f156c5e1-db03-4668-93a3-92d845dde2aa}</UniqueIdentifier>
    </Filter>
    <Filter Include="Source files\lpc_core\lpc_board\boards_17xx\nxp_lpcxpresso_1769">
      <UniqueIdentifier>{368d6ab7-26b8-40dc-92ac-b37be825176e}</UniqueIdentifier>
    </Filter>
    <Filter Include="Source files\lwip">
      <UniqueIdentifier>{90b92d2c-57d6-48e7-bace-dfcc56334e27}</UniqueIdentifier>
    </Filter>
    <Filter Include="Source files\lwip\lpclwip">
      <UniqueIdentifier>{43e472d8-6021-47f1-ba7d-f16d3b71b54c}</UniqueIdentifier>
    </Filter>
    <Filter Include="Source files\lwip\lpclwip\arch">
      <UniqueIdentifier>{5018f168-b3f5-49e8-a3e1-d1c4b3d46531}</UniqueIdentifier>
    </Filter>
    <Filter Include="Source files\lwip\lwip">
      <UniqueIdentifier>{0ff62708-dd72-4267-9ad5-c349f327849f}</UniqueIdentifier>
    </Filter>
    <Filter Include="Source files\lwip\lwip\doc">
      <UniqueIdentifier>{0761ec5d-783e-41f5-b937-c8534eab1310}</UniqueIdentifier>
    </Filter>
    <Filter Include="Source files\lwip\lwip\src">
      <UniqueIdentifier>{9a354f8f-8c89-4136-be5c-10881f78d064}</UniqueIdentifier>
    </Filter>
    <Filter Include="Source files\lwip\lwip\src\api">
      <UniqueIdentifier>{2d82ed32-5e40-4ea0-895b-9964060d598d}</UniqueIdentifier>
    </Filter>
    <Filter Include="Source files\lwip\lwip\src\core">
      <UniqueIdentifier>{a5e51fbe-8557-4a57-b34d-406059dd96a3}</UniqueIdentifier>
    </Filter>
    <Filter Include="Source files\lwip\lwip\src\core\ipv4">
      <UniqueIdentifier>{a15db244-cf7e-4108-9bd0-35810ba03b8d}</UniqueIdentifier>
    </Filter>
    <Filter Include="Source files\lwip\lwip\src\core\ipv6">
      <UniqueIdentifier>{d6aefcb3-cabc-44ba-a41d-3fa562b1f8aa}</UniqueIdentifier>
    </Filter>
    <Filter Include="Source files\lwip\lwip\src\core\snmp">
      <UniqueIdentifier>{ab2e8ba1-ecf9-4e99-9243-6454fdb32488}</UniqueIdentifier>
    </Filter>
    <Filter Include="Source files\lwip\lwip\src\include">
      <UniqueIdentifier>{259575b4-82be-490d-a6b3-2b4b02b9a529}</UniqueIdentifier>
    </Filter>
    <Filter Include="Source files\lwip\lwip\src\include\ipv4">
      <UniqueIdentifier>{68ace935-b54a-486b-982d-19f08d34f0ea}</UniqueIdentifier>
    </Filter>
    <Filter Include="Source files\lwip\lwip\src\include\ipv4\lwip">
      <UniqueIdentifier>{58a958d6-470e-4fa6-9b3c-dff6af19d7fa}</UniqueIdentifier>
    </Filter>
    <Filter Include="Source files\lwip\lwip\src\include\ipv6">
      <UniqueIdentifier>{2d3aff07-5ffe-466b-a23b-c609f59628ee}</UniqueIdentifier>
    </Filter>
    <Filter Include="Source files\lwip\lwip\src\include\ipv6\lwip">
      <UniqueIdentifier>{188518c2-021f-4ea5-9c97-544fb99ce76e}</UniqueIdentifier>
    </Filter>
    <Filter Include="Source files\lwip\lwip\src\include\lwip">
      <UniqueIdentifier>{5881dc60-0d85-4d76-9b08-8338d460af57}</UniqueIdentifier>
    </Filter>
    <Filter Include="Source files\lwip\lwip\src\include\netif">
      <UniqueIdentifier>{0751ce08-4b20-4f40-82a0-114cb5a46261}</UniqueIdentifier>
    </Filter>
    <Filter Include="Source files\lwip\lwip\src\include\posix">
      <UniqueIdentifier>{5c5bd950-6c8c-4896-a454-bc6b25ddffba}</UniqueIdentifier>
    </Filter>
    <Filter Include="Source files\lwip\lwip\src\include\posix\sys">
      <UniqueIdentifier>{a20a22fa-8327-4729-817f-3f25e3e210b8}</UniqueIdentifier>
    </Filter>
    <Filter Include="Source files\lwip\lwip\src\netif">
      <UniqueIdentifier>{61e3e06d-ee22-4cd5-a95a-cefb689357a4}</UniqueIdentifier>
    </Filter>
    <Filter Include="Source files\lwip\lwip\src\netif\ppp">
      <UniqueIdentifier>{9ec3385b-cdb8-4da7-aae0-8b027bc48fa0}</UniqueIdentifier>
    </Filter>
    <Filter Include="Header files\.visualgdb">
      <UniqueIdentifier>{cdd13de5-4566-4263-baf4-d59ff4af2ae7}</UniqueIdentifier>
    </Filter>
    <Filter Include="Header files\.visualgdb\CodeDB">
      <UniqueIdentifier>{c616ea37-8c1a-4a6e-b68c-752c123cb027}</UniqueIdentifier>
    </Filter>
    <Filter Include="Header files\.visualgdb\CodeDB\EmbeddedProject11-Debug-VisualGDB">
      <UniqueIdentifier>{27d594dd-908d-43c0-a900-1ba3b01c82d7}</UniqueIdentifier>
    </Filter>
    <Filter Include="Header files\BSP">
      <UniqueIdentifier>{0c735b7e-aee7-4161-b438-6f374a978b57}</UniqueIdentifier>
    </Filter>
    <Filter Include="Header files\BSP\Common">
      <UniqueIdentifier>{9e4fc61f-52bf-4b87-9c73-5a9ad28ec3ee}</UniqueIdentifier>
    </Filter>
    <Filter Include="Header files\BSP\LPC17xx_40xx">
      <UniqueIdentifier>{d802842b-e294-4383-93a3-ba69fcaa060c}</UniqueIdentifier>
    </Filter>
    <Filter Include="Header files\BSP\LPC17xx_40xx\lpc_chip_17xx">
      <UniqueIdentifier>{635e3f4b-f0a8-43c2-8f92-f89cfcb13359}</UniqueIdentifier>
    </Filter>
    <Filter Include="Header files\BSP\LPC17xx_40xx\lpc_chip_17xx\CMSIS">
      <UniqueIdentifier>{8a5b1eb1-b9cc-4396-9b96-8b7f81195821}</UniqueIdentifier>
    </Filter>
    <Filter Include="Header files\BSP\LPC17xx_40xx\lpc_chip_17xx\CMSIS\CMSIS">
      <UniqueIdentifier>{ed4030bc-c265-472e-8b20-ef439a7387ea}</UniqueIdentifier>
    </Filter>
    <Filter Include="Header files\BSP\LPC17xx_40xx\lpc_chip_17xx\CMSIS\CMSIS\Include">
      <UniqueIdentifier>{bd79af53-47de-4099-9b37-0e9b430e045b}</UniqueIdentifier>
    </Filter>
    <Filter Include="Header files\BSP\LPC17xx_40xx\lpc_chip_17xx\CMSIS\CMSIS\RTOS">
      <UniqueIdentifier>{83f84e3c-3add-4a0a-9661-fa93b8b644ec}</UniqueIdentifier>
    </Filter>
    <Filter Include="Header files\BSP\LPC17xx_40xx\lpc_chip_17xx\lpc_chip">
      <UniqueIdentifier>{75fe889c-0fde-49c3-a60c-944ee1e86d21}</UniqueIdentifier>
    </Filter>
    <Filter Include="Header files\BSP\LPC17xx_40xx\lpc_chip_17xx\lpc_chip\chip_17xx_40xx">
      <UniqueIdentifier>{6a7213dd-e7fc-4ab4-905d-220bf1e50522}</UniqueIdentifier>
    </Filter>
    <Filter Include="Header files\BSP\LPC17xx_40xx\lpc_chip_17xx\lpc_chip\chip_17xx_40xx\config_175x_6x">
      <UniqueIdentifier>{bf56868a-9b98-4c53-b1f6-1267493a1027}</UniqueIdentifier>
    </Filter>
    <Filter Include="Header files\BSP\LPC17xx_40xx\lpc_chip_17xx\lpc_chip\chip_17xx_40xx\config_177x_8x">
      <UniqueIdentifier>{21867e4b-0106-4840-b39b-7e41e9a892dd}</UniqueIdentifier>
    </Filter>
    <Filter Include="Header files\BSP\LPC17xx_40xx\lpc_chip_17xx\lpc_chip\chip_common">
      <UniqueIdentifier>{58497c86-669a-42bd-828f-1764213e11f3}</UniqueIdentifier>
    </Filter>
    <Filter Include="Header files\BSP\LPC17xx_40xx\lpc_chip_17xx\lpc_chip\usbd_rom">
      <UniqueIdentifier>{b3723140-0151-4fde-bb69-23a6b7de9506}</UniqueIdentifier>
    </Filter>
    <Filter Include="Header files\BSP\LPC17xx_40xx\StartupFiles">
      <UniqueIdentifier>{59103999-ac5f-4c22-a093-4947d6ed7eaf}</UniqueIdentifier>
    </Filter>
    <Filter Include="Header files\lpc_core">
      <UniqueIdentifier>{11c49f39-a02f-4f74-a55e-60b636259fa3}</UniqueIdentifier>
    </Filter>
    <Filter Include="Header files\lpc_core\lpc_board">
      <UniqueIdentifier>{79a2db83-c294-4b9b-af16-7646a6e18093}</UniqueIdentifier>
    </Filter>
    <Filter Include="Header files\lpc_core\lpc_board\boards_17xx">
      <UniqueIdentifier>{741bc785-5bcf-41b3-8341-7e697f09e7cc}</UniqueIdentifier>
    </Filter>
    <Filter Include="Header files\lpc_core\lpc_board\boards_17xx\nxp_lpcxpresso_1769">
      <UniqueIdentifier>{b3cfe84a-aaa7-439d-9bbc-5c8dec9fb970}</UniqueIdentifier>
    </Filter>
    <Filter Include="Header files\lpc_core\lpc_board\boards_17xx\nxp_lpcxpresso_1769\RTE">
      <UniqueIdentifier>{7cb569ff-4650-466e-82e6-5227f7f3f6bf}</UniqueIdentifier>
    </Filter>
    <Filter Include="Header files\lpc_core\lpc_board\boards_17xx\nxp_lpcxpresso_1769\RTE\_nxp_lpcxpresso_1769">
      <UniqueIdentifier>{bad5e615-7d45-4c35-947a-32db2a3b6499}</UniqueIdentifier>
    </Filter>
    <Filter Include="Header files\lpc_core\lpc_board\board_common">
      <UniqueIdentifier>{e19b3909-6d4f-4192-8ebf-c9bc9361165d}</UniqueIdentifier>
    </Filter>
    <Filter Include="Header files\lpc_core\lpc_chip">
      <UniqueIdentifier>{02ba89fb-4757-43d3-93f9-add2e80bb002}</UniqueIdentifier>
    </Filter>
    <Filter Include="Header files\lpc_core\lpc_chip\chip_17xx_40xx">
      <UniqueIdentifier>{5c02dc8c-f390-49e7-92a7-64a350aa5b23}</UniqueIdentifier>
    </Filter>
    <Filter Include="Header files\lpc_core\lpc_chip\chip_17xx_40xx\config_175x_6x">
      <UniqueIdentifier>{3cb3c4fe-df40-4a12-926b-8170c59956b4}</UniqueIdentifier>
    </Filter>
    <Filter Include="Header files\lpc_core\lpc_chip\chip_17xx_40xx\RTE">
      <UniqueIdentifier>{0bf0712d-4415-40e3-95a7-a09146191b84}</UniqueIdentifier>
    </Filter>
    <Filter Include="Header files\lpc_core\lpc_chip\chip_17xx_40xx\RTE\_chip_175x_6x_lib">
      <UniqueIdentifier>{a827eeaa-20d0-4595-af53-24bd09dc58ba}</UniqueIdentifier>
    </Filter>
    <Filter Include="Header files\lpc_core\lpc_chip\chip_17xx_40xx\usbd_lib">
      <UniqueIdentifier>{33a5739b-6e84-4a22-abaa-d8b420c3199a}</UniqueIdentifier>
    </Filter>
    <Filter Include="Header files\lpc_core\lpc_chip\chip_17xx_40xx\usbd_lib\keil">
      <UniqueIdentifier>{6323ea8e-0ff5-4ecf-8c84-3cdb47ed7f6b}</UniqueIdentifier>
    </Filter>
    <Filter Include="Header files\lpc_core\lpc_chip\chip_common">
      <UniqueIdentifier>{6ee53987-6632-4cb8-99de-1e15ff0f9873}</UniqueIdentifier>
    </Filter>
    <Filter Include="Header files\lpc_core\lpc_chip\usbd_rom">
      <UniqueIdentifier>{e6820c43-5265-43bd-a9fb-217951100c34}</UniqueIdentifier>
    </Filter>
    <Filter Include="Header files\lwip">
      <UniqueIdentifier>{d36fd985-ecb2-42d8-96dc-c8cf24d5c558}</UniqueIdentifier>
    </Filter>
    <Filter Include="Header files\lwip\lpclwip">
      <UniqueIdentifier>{cef9f0f1-9b6d-4cc0-bcbd-16c5fd1a62d9}</UniqueIdentifier>
    </Filter>
    <Filter Include="Header files\lwip\lpclwip\arch">
      <UniqueIdentifier>{0d884e9e-c1ab-4da9-8339-dbc3b6316f42}</UniqueIdentifier>
    </Filter>
    <Filter Include="Header files\lwip\lwip">
      <UniqueIdentifier>{019f3880-88b1-4236-8232-d6c3b4210278}</UniqueIdentifier>
    </Filter>
    <Filter Include="Header files\lwip\lwip\src">
      <UniqueIdentifier>{c7d1da8b-52d0-4605-a25b-052bf42fdec9}</UniqueIdentifier>
    </Filter>
    <Filter Include="Header files\lwip\lwip\src\api">
      <UniqueIdentifier>{01165972-d6f1-4afc-a53c-e71e81aeef39}</UniqueIdentifier>
    </Filter>
    <Filter Include="Header files\lwip\lwip\src\core">
      <UniqueIdentifier>{5e4bef2c-6eeb-4dcc-8bea-7f1fffb5a9e1}</UniqueIdentifier>
    </Filter>
    <Filter Include="Header files\lwip\lwip\src\core\ipv4">
      <UniqueIdentifier>{a29b5045-c989-41c9-bb06-4989db86c628}</UniqueIdentifier>
    </Filter>
    <Filter Include="Header files\lwip\lwip\src\core\ipv6">
      <UniqueIdentifier>{935376f9-d2c4-491c-856b-fc9dfc619be2}</UniqueIdentifier>
    </Filter>
    <Filter Include="Header files\lwip\lwip\src\core\snmp">
      <UniqueIdentifier>{e6519cc4-c1f1-47ee-a19c-89618b1ee122}</UniqueIdentifier>
    </Filter>
    <Filter Include="Header files\lwip\lwip\src\include">
      <UniqueIdentifier>{c5dbb43d-f597-4400-8a56-3c6dfc57adea}</UniqueIdentifier>
    </Filter>
    <Filter Include="Header files\lwip\lwip\src\include\ipv4">
      <UniqueIdentifier>{7827c9ea-e416-44ab-bd8b-903ee693e6ba}</UniqueIdentifier>
    </Filter>
    <Filter Include="Header files\lwip\lwip\src\include\ipv4\lwip">
      <UniqueIdentifier>{71f7da8c-fc8b-4bd9-b247-4a6c7def04fe}</UniqueIdentifier>
    </Filter>
    <Filter Include="Header files\lwip\lwip\src\include\ipv6">
      <UniqueIdentifier>{5b20f4d5-d408-46cc-a424-2d29008d4cc7}</UniqueIdentifier>
    </Filter>
    <Filter Include="Header files\lwip\lwip\src\include\ipv6\lwip">
      <UniqueIdentifier>{5d394d2f-8f7a-4960-9a6a-16368ef156ff}</UniqueIdentifier>
    </Filter>
    <Filter Include="Header files\lwip\lwip\src\include\lwip">
      <UniqueIdentifier>{edbaba98-8d9d-44ed-8a17-485002c0b687}</UniqueIdentifier>
    </Filter>
    <Filter Include="Header files\lwip\lwip\src\include\netif">
      <UniqueIdentifier>{08608410-f79c-41c5-a45d-36dc2305f13e}</UniqueIdentifier>
    </Filter>
    <Filter Include="Header files\lwip\lwip\src\include\posix">
      <UniqueIdentifier>{8d1b7de9-ce7e-493f-b015-de5fc59c5d4d}</UniqueIdentifier>
    </Filter>
    <Filter Include="Header files\lwip\lwip\src\include\posix\sys">
      <UniqueIdentifier>{f8e3a3ea-a1c4-47d5-86fb-8c6db8b3604d}</UniqueIdentifier>
    </Filter>
    <Filter Include="Header files\lwip\lwip\src\netif">
      <UniqueIdentifier>{f1839d02-accd-4344-b74c-945db87e1507}</UniqueIdentifier>
    </Filter>
    <Filter Include="Header files\lwip\lwip\src\netif\ppp">
      <UniqueIdentifier>{9e06fc35-31b9-4592-a1d5-1680db2ac344}</UniqueIdentifier>
    </Filter>
    <Filter Include="Source files\ModBus Source">
      <UniqueIdentifier>{0872bc50-4648-412c-a949-f716743e027d}</UniqueIdentifier>
    </Filter>
    <Filter Include="Source files\ModBus Source\ModBus TCP">
      <UniqueIdentifier>{1ed638c0-3bf5-412b-8a26-b181d8a4e008}</UniqueIdentifier>
    </Filter>
    <Filter Include="Source files\ModBus Source\ModBus TCP\modbus">
      <UniqueIdentifier>{944c225b-f005-4b68-bac3-528e0c637872}</UniqueIdentifier>
    </Filter>
    <Filter Include="Source files\ModBus Source\ModBus TCP\modbus\functions">
      <UniqueIdentifier>{fda959a2-f3fa-45b4-b4aa-cab261093a26}</UniqueIdentifier>
    </Filter>
    <Filter Include="Source files\ModBus Source\ModBus TCP\modbus\tcp">
      <UniqueIdentifier>{d65e1c60-e177-43be-8b72-17a6574023b1}</UniqueIdentifier>
    </Filter>
    <Filter Include="Source files\ModBus Source\ModBus TCP\port">
      <UniqueIdentifier>{f30d1f5f-fa27-459e-9d2b-7b0ae63ca0a0}</UniqueIdentifier>
    </Filter>
    <Filter Include="Source files\ModBus Source\ModBus RTU">
      <UniqueIdentifier>{a0815477-3302-4385-a78d-d40cbded4951}</UniqueIdentifier>
    </Filter>
    <Filter Include="Header files\lwip\config">
      <UniqueIdentifier>{106123a7-3421-4095-8051-765850118e8d}</UniqueIdentifier>
    </Filter>
    <Filter Include="Header files\ModBus Source">
      <UniqueIdentifier>{cbe97e56-bc45-4d88-8323-40d368400edf}</UniqueIdentifier>
    </Filter>
    <Filter Include="Header files\ModBus Source\ModBus TCP">
      <UniqueIdentifier>{930c23fa-6cea-411d-971e-40843a115d4b}</UniqueIdentifier>
    </Filter>
    <Filter Include="Header files\ModBus Source\ModBus TCP\modbus">
      <UniqueIdentifier>{e9ee0f8a-4343-4bad-abd2-b0f5b4d0a626}</UniqueIdentifier>
    </Filter>
    <Filter Include="Header files\ModBus Source\ModBus TCP\modbus\tcp">
      <UniqueIdentifier>{071a92a2-886c-4e30-9095-d934ea7a16c5}</UniqueIdentifier>
    </Filter>
    <Filter Include="Header files\ModBus Source\ModBus RTU">
      <UniqueIdentifier>{460d19b0-d8a7-4fd7-8bf0-161142344db3}</UniqueIdentifier>
    </Filter>
    <Filter Include="Header files\ModBus Source\Common">
      <UniqueIdentifier>{2d34137a-38da-4e57-821a-72c99324d344}</UniqueIdentifier>
    </Filter>
    <Filter Include="Header files\ModBus Source\Common\include">
      <UniqueIdentifier>{1b547d96-0dbf-4a07-97f8-6fcd72ed6de3}</UniqueIdentifier>
    </Filter>
    <Filter Include="Header files\ModBus Source\ModBus TCP\modbus\include">
      <UniqueIdentifier>{79089393-9450-458a-a05d-3808152fab09}</UniqueIdentifier>
    </Filter>
    <Filter Include="Source files\ModBus Source\Common">
      <UniqueIdentifier>{4af67d8e-d731-48e4-a47e-20f0a86c4b96}</UniqueIdentifier>
    </Filter>
    <Filter Include="Source files\ModBus Source\ModBus RTU\modbus">
      <UniqueIdentifier>{3dc370af-4f42-4beb-9c57-c20d873ec55c}</UniqueIdentifier>
    </Filter>
    <Filter Include="Source files\ModBus Source\ModBus RTU\port">
      <UniqueIdentifier>{bf4e1d39-b073-483d-9ada-d27aa06a5559}</UniqueIdentifier>
    </Filter>
    <Filter Include="Source files\ModBus Source\ModBus RTU\modbus\functions">
      <UniqueIdentifier>{453c139d-757f-42cb-bfec-9d101ea013d7}</UniqueIdentifier>
    </Filter>
    <Filter Include="Source files\ModBus Source\ModBus RTU\modbus\rtu">
      <UniqueIdentifier>{b34a248c-c70c-422d-a32e-6c71703bffc9}</UniqueIdentifier>
    </Filter>
    <Filter Include="Header files\ModBus Source\ModBus RTU\modbus">
      <UniqueIdentifier>{f8a72027-bd8c-4fed-91c7-dbedf6622399}</UniqueIdentifier>
    </Filter>
    <Filter Include="Header files\ModBus Source\ModBus RTU\modbus\include">
      <UniqueIdentifier>{a9a4bfa9-e3ec-41e9-9b3d-bc93814075dd}</UniqueIdentifier>
    </Filter>
    <Filter Include="Header files\ModBus Source\ModBus RTU\modbus\rtu">
      <UniqueIdentifier>{c71902b6-60dc-4d2d-bde2-50558a8e724c}</UniqueIdentifier>
    </Filter>
  </ItemGroup>
  <ItemGroup>
    <None Include="nxp_lpc.props">
      <Filter>Source files\Device-specific files</Filter>
    </None>
    <ClCompile Include="$(BSP_ROOT)\LPC17xx_40xx\lpc_chip_17xx\lpc_chip\chip_17xx_40xx\adc_17xx_40xx.c">
      <Filter>Source files\Device-specific files</Filter>
    </ClCompile>
    <ClCompile Include="$(BSP_ROOT)\LPC17xx_40xx\lpc_chip_17xx\lpc_chip\chip_17xx_40xx\can_17xx_40xx.c">
      <Filter>Source files\Device-specific files</Filter>
    </ClCompile>
    <ClCompile Include="$(BSP_ROOT)\LPC17xx_40xx\lpc_chip_17xx\lpc_chip\chip_17xx_40xx\chip_17xx_40xx.c">
      <Filter>Source files\Device-specific files</Filter>
    </ClCompile>
    <ClCompile Include="$(BSP_ROOT)\LPC17xx_40xx\lpc_chip_17xx\lpc_chip\chip_17xx_40xx\clock_17xx_40xx.c">
      <Filter>Source files\Device-specific files</Filter>
    </ClCompile>
    <ClCompile Include="$(BSP_ROOT)\LPC17xx_40xx\lpc_chip_17xx\lpc_chip\chip_17xx_40xx\cmp_17xx_40xx.c">
      <Filter>Source files\Device-specific files</Filter>
    </ClCompile>
    <ClCompile Include="$(BSP_ROOT)\LPC17xx_40xx\lpc_chip_17xx\lpc_chip\chip_17xx_40xx\crc_17xx_40xx.c">
      <Filter>Source files\Device-specific files</Filter>
    </ClCompile>
    <ClCompile Include="$(BSP_ROOT)\LPC17xx_40xx\lpc_chip_17xx\lpc_chip\chip_17xx_40xx\dac_17xx_40xx.c">
      <Filter>Source files\Device-specific files</Filter>
    </ClCompile>
    <ClCompile Include="$(BSP_ROOT)\LPC17xx_40xx\lpc_chip_17xx\lpc_chip\chip_17xx_40xx\eeprom_17xx_40xx.c">
      <Filter>Source files\Device-specific files</Filter>
    </ClCompile>
    <ClCompile Include="$(BSP_ROOT)\LPC17xx_40xx\lpc_chip_17xx\lpc_chip\chip_17xx_40xx\emc_17xx_40xx.c">
      <Filter>Source files\Device-specific files</Filter>
    </ClCompile>
    <ClCompile Include="$(BSP_ROOT)\LPC17xx_40xx\lpc_chip_17xx\lpc_chip\chip_17xx_40xx\enet_17xx_40xx.c">
      <Filter>Source files\Device-specific files</Filter>
    </ClCompile>
    <ClCompile Include="$(BSP_ROOT)\LPC17xx_40xx\lpc_chip_17xx\lpc_chip\chip_17xx_40xx\gpdma_17xx_40xx.c">
      <Filter>Source files\Device-specific files</Filter>
    </ClCompile>
    <ClCompile Include="$(BSP_ROOT)\LPC17xx_40xx\lpc_chip_17xx\lpc_chip\chip_17xx_40xx\gpioint_17xx_40xx.c">
      <Filter>Source files\Device-specific files</Filter>
    </ClCompile>
    <ClCompile Include="$(BSP_ROOT)\LPC17xx_40xx\lpc_chip_17xx\lpc_chip\chip_17xx_40xx\gpio_17xx_40xx.c">
      <Filter>Source files\Device-specific files</Filter>
    </ClCompile>
    <ClCompile Include="$(BSP_ROOT)\LPC17xx_40xx\lpc_chip_17xx\lpc_chip\chip_17xx_40xx\i2c_17xx_40xx.c">
      <Filter>Source files\Device-specific files</Filter>
    </ClCompile>
    <ClCompile Include="$(BSP_ROOT)\LPC17xx_40xx\lpc_chip_17xx\lpc_chip\chip_17xx_40xx\i2s_17xx_40xx.c">
      <Filter>Source files\Device-specific files</Filter>
    </ClCompile>
    <ClCompile Include="$(BSP_ROOT)\LPC17xx_40xx\lpc_chip_17xx\lpc_chip\chip_17xx_40xx\iocon_17xx_40xx.c">
      <Filter>Source files\Device-specific files</Filter>
    </ClCompile>
    <ClCompile Include="$(BSP_ROOT)\LPC17xx_40xx\lpc_chip_17xx\lpc_chip\chip_17xx_40xx\lcd_17xx_40xx.c">
      <Filter>Source files\Device-specific files</Filter>
    </ClCompile>
    <ClCompile Include="$(BSP_ROOT)\LPC17xx_40xx\lpc_chip_17xx\lpc_chip\chip_17xx_40xx\pmu_17xx_40xx.c">
      <Filter>Source files\Device-specific files</Filter>
    </ClCompile>
    <ClCompile Include="$(BSP_ROOT)\LPC17xx_40xx\lpc_chip_17xx\lpc_chip\chip_17xx_40xx\ritimer_17xx_40xx.c">
      <Filter>Source files\Device-specific files</Filter>
    </ClCompile>
    <ClCompile Include="$(BSP_ROOT)\LPC17xx_40xx\lpc_chip_17xx\lpc_chip\chip_17xx_40xx\rtc_17xx_40xx.c">
      <Filter>Source files\Device-specific files</Filter>
    </ClCompile>
    <ClCompile Include="$(BSP_ROOT)\LPC17xx_40xx\lpc_chip_17xx\lpc_chip\chip_17xx_40xx\sdc_17xx_40xx.c">
      <Filter>Source files\Device-specific files</Filter>
    </ClCompile>
    <ClCompile Include="$(BSP_ROOT)\LPC17xx_40xx\lpc_chip_17xx\lpc_chip\chip_17xx_40xx\sdmmc_17xx_40xx.c">
      <Filter>Source files\Device-specific files</Filter>
    </ClCompile>
    <ClCompile Include="$(BSP_ROOT)\LPC17xx_40xx\lpc_chip_17xx\lpc_chip\chip_17xx_40xx\spi_17xx_40xx.c">
      <Filter>Source files\Device-specific files</Filter>
    </ClCompile>
    <ClCompile Include="$(BSP_ROOT)\LPC17xx_40xx\lpc_chip_17xx\lpc_chip\chip_17xx_40xx\ssp_17xx_40xx.c">
      <Filter>Source files\Device-specific files</Filter>
    </ClCompile>
    <ClCompile Include="$(BSP_ROOT)\LPC17xx_40xx\lpc_chip_17xx\lpc_chip\chip_17xx_40xx\stopwatch_17xx_40xx.c">
      <Filter>Source files\Device-specific files</Filter>
    </ClCompile>
    <ClCompile Include="$(BSP_ROOT)\LPC17xx_40xx\lpc_chip_17xx\lpc_chip\chip_17xx_40xx\sysctl_17xx_40xx.c">
      <Filter>Source files\Device-specific files</Filter>
    </ClCompile>
    <ClCompile Include="$(BSP_ROOT)\LPC17xx_40xx\lpc_chip_17xx\lpc_chip\chip_17xx_40xx\sysinit_17xx_40xx.c">
      <Filter>Source files\Device-specific files</Filter>
    </ClCompile>
    <ClCompile Include="$(BSP_ROOT)\LPC17xx_40xx\lpc_chip_17xx\lpc_chip\chip_17xx_40xx\timer_17xx_40xx.c">
      <Filter>Source files\Device-specific files</Filter>
    </ClCompile>
    <ClCompile Include="$(BSP_ROOT)\LPC17xx_40xx\lpc_chip_17xx\lpc_chip\chip_17xx_40xx\uart_17xx_40xx.c">
      <Filter>Source files\Device-specific files</Filter>
    </ClCompile>
    <ClCompile Include="$(BSP_ROOT)\LPC17xx_40xx\lpc_chip_17xx\lpc_chip\chip_17xx_40xx\wwdt_17xx_40xx.c">
      <Filter>Source files\Device-specific files</Filter>
    </ClCompile>
    <ClCompile Include="$(BSP_ROOT)\LPC17xx_40xx\lpc_chip_17xx\lpc_chip\chip_common\eeprom.c">
      <Filter>Source files\Device-specific files</Filter>
    </ClCompile>
    <ClCompile Include="$(BSP_ROOT)\LPC17xx_40xx\lpc_chip_17xx\lpc_chip\chip_common\fpu_init.c">
      <Filter>Source files\Device-specific files</Filter>
    </ClCompile>
    <ClCompile Include="$(BSP_ROOT)\LPC17xx_40xx\lpc_chip_17xx\lpc_chip\chip_common\iap.c">
      <Filter>Source files\Device-specific files</Filter>
    </ClCompile>
    <ClCompile Include="$(BSP_ROOT)\LPC17xx_40xx\lpc_chip_17xx\lpc_chip\chip_common\ring_buffer.c">
      <Filter>Source files\Device-specific files</Filter>
    </ClCompile>
    <ClCompile Include="$(BSP_ROOT)\Common\startup.c">
      <Filter>Source files\Device-specific files</Filter>
    </ClCompile>
    <ClCompile Include="$(BSP_ROOT)\LPC17xx_40xx\StartupFiles\ORIGINAL_cr_startup_lpc175x_6x.c">
      <Filter>Source files\Device-specific files</Filter>
    </ClCompile>
    <ClInclude Include="$(BSP_ROOT)\LPC17xx_40xx\lpc_chip_17xx\CMSIS\CMSIS\Include\arm_common_tables.h">
      <Filter>Header files\Device-specific files</Filter>
    </ClInclude>
    <ClInclude Include="$(BSP_ROOT)\LPC17xx_40xx\lpc_chip_17xx\CMSIS\CMSIS\Include\arm_math.h">
      <Filter>Header files\Device-specific files</Filter>
    </ClInclude>
    <ClInclude Include="$(BSP_ROOT)\LPC17xx_40xx\lpc_chip_17xx\CMSIS\CMSIS\Include\core_cm0.h">
      <Filter>Header files\Device-specific files</Filter>
    </ClInclude>
    <ClInclude Include="$(BSP_ROOT)\LPC17xx_40xx\lpc_chip_17xx\CMSIS\CMSIS\Include\core_cm0plus.h">
      <Filter>Header files\Device-specific files</Filter>
    </ClInclude>
    <ClInclude Include="$(BSP_ROOT)\LPC17xx_40xx\lpc_chip_17xx\CMSIS\CMSIS\Include\core_cm3.h">
      <Filter>Header files\Device-specific files</Filter>
    </ClInclude>
    <ClInclude Include="$(BSP_ROOT)\LPC17xx_40xx\lpc_chip_17xx\CMSIS\CMSIS\Include\core_cm4.h">
      <Filter>Header files\Device-specific files</Filter>
    </ClInclude>
    <ClInclude Include="$(BSP_ROOT)\LPC17xx_40xx\lpc_chip_17xx\CMSIS\CMSIS\Include\core_cm4_simd.h">
      <Filter>Header files\Device-specific files</Filter>
    </ClInclude>
    <ClInclude Include="$(BSP_ROOT)\LPC17xx_40xx\lpc_chip_17xx\CMSIS\CMSIS\Include\core_cmFunc.h">
      <Filter>Header files\Device-specific files</Filter>
    </ClInclude>
    <ClInclude Include="$(BSP_ROOT)\LPC17xx_40xx\lpc_chip_17xx\CMSIS\CMSIS\Include\core_cmInstr.h">
      <Filter>Header files\Device-specific files</Filter>
    </ClInclude>
    <ClInclude Include="$(BSP_ROOT)\LPC17xx_40xx\lpc_chip_17xx\CMSIS\CMSIS\Include\core_sc000.h">
      <Filter>Header files\Device-specific files</Filter>
    </ClInclude>
    <ClInclude Include="$(BSP_ROOT)\LPC17xx_40xx\lpc_chip_17xx\CMSIS\CMSIS\Include\core_sc300.h">
      <Filter>Header files\Device-specific files</Filter>
    </ClInclude>
    <ClInclude Include="$(BSP_ROOT)\LPC17xx_40xx\lpc_chip_17xx\CMSIS\CMSIS\RTOS\cmsis_os.h">
      <Filter>Header files\Device-specific files</Filter>
    </ClInclude>
    <ClInclude Include="$(BSP_ROOT)\LPC17xx_40xx\lpc_chip_17xx\lpc_chip\chip_17xx_40xx\adc_17xx_40xx.h">
      <Filter>Header files\Device-specific files</Filter>
    </ClInclude>
    <ClInclude Include="$(BSP_ROOT)\LPC17xx_40xx\lpc_chip_17xx\lpc_chip\chip_17xx_40xx\can_17xx_40xx.h">
      <Filter>Header files\Device-specific files</Filter>
    </ClInclude>
    <ClInclude Include="$(BSP_ROOT)\LPC17xx_40xx\lpc_chip_17xx\lpc_chip\chip_17xx_40xx\chip.h">
      <Filter>Header files\Device-specific files</Filter>
    </ClInclude>
    <ClInclude Include="$(BSP_ROOT)\LPC17xx_40xx\lpc_chip_17xx\lpc_chip\chip_17xx_40xx\chip_lpc175x_6x.h">
      <Filter>Header files\Device-specific files</Filter>
    </ClInclude>
    <ClInclude Include="$(BSP_ROOT)\LPC17xx_40xx\lpc_chip_17xx\lpc_chip\chip_17xx_40xx\chip_lpc177x_8x.h">
      <Filter>Header files\Device-specific files</Filter>
    </ClInclude>
    <ClInclude Include="$(BSP_ROOT)\LPC17xx_40xx\lpc_chip_17xx\lpc_chip\chip_17xx_40xx\chip_lpc407x_8x.h">
      <Filter>Header files\Device-specific files</Filter>
    </ClInclude>
    <ClInclude Include="$(BSP_ROOT)\LPC17xx_40xx\lpc_chip_17xx\lpc_chip\chip_17xx_40xx\clock_17xx_40xx.h">
      <Filter>Header files\Device-specific files</Filter>
    </ClInclude>
    <ClInclude Include="$(BSP_ROOT)\LPC17xx_40xx\lpc_chip_17xx\lpc_chip\chip_17xx_40xx\cmp_17xx_40xx.h">
      <Filter>Header files\Device-specific files</Filter>
    </ClInclude>
    <ClInclude Include="$(BSP_ROOT)\LPC17xx_40xx\lpc_chip_17xx\lpc_chip\chip_17xx_40xx\cmsis.h">
      <Filter>Header files\Device-specific files</Filter>
    </ClInclude>
    <ClInclude Include="$(BSP_ROOT)\LPC17xx_40xx\lpc_chip_17xx\lpc_chip\chip_17xx_40xx\crc_17xx_40xx.h">
      <Filter>Header files\Device-specific files</Filter>
    </ClInclude>
    <ClInclude Include="$(BSP_ROOT)\LPC17xx_40xx\lpc_chip_17xx\lpc_chip\chip_17xx_40xx\dac_17xx_40xx.h">
      <Filter>Header files\Device-specific files</Filter>
    </ClInclude>
    <ClInclude Include="$(BSP_ROOT)\LPC17xx_40xx\lpc_chip_17xx\lpc_chip\chip_17xx_40xx\eeprom_17xx_40xx.h">
      <Filter>Header files\Device-specific files</Filter>
    </ClInclude>
    <ClInclude Include="$(BSP_ROOT)\LPC17xx_40xx\lpc_chip_17xx\lpc_chip\chip_17xx_40xx\emc_17xx_40xx.h">
      <Filter>Header files\Device-specific files</Filter>
    </ClInclude>
    <ClInclude Include="$(BSP_ROOT)\LPC17xx_40xx\lpc_chip_17xx\lpc_chip\chip_17xx_40xx\enet_17xx_40xx.h">
      <Filter>Header files\Device-specific files</Filter>
    </ClInclude>
    <ClInclude Include="$(BSP_ROOT)\LPC17xx_40xx\lpc_chip_17xx\lpc_chip\chip_17xx_40xx\fmc_17xx_40xx.h">
      <Filter>Header files\Device-specific files</Filter>
    </ClInclude>
    <ClInclude Include="$(BSP_ROOT)\LPC17xx_40xx\lpc_chip_17xx\lpc_chip\chip_17xx_40xx\gpdma_17xx_40xx.h">
      <Filter>Header files\Device-specific files</Filter>
    </ClInclude>
    <ClInclude Include="$(BSP_ROOT)\LPC17xx_40xx\lpc_chip_17xx\lpc_chip\chip_17xx_40xx\gpioint_17xx_40xx.h">
      <Filter>Header files\Device-specific files</Filter>
    </ClInclude>
    <ClInclude Include="$(BSP_ROOT)\LPC17xx_40xx\lpc_chip_17xx\lpc_chip\chip_17xx_40xx\gpio_17xx_40xx.h">
      <Filter>Header files\Device-specific files</Filter>
    </ClInclude>
    <ClInclude Include="$(BSP_ROOT)\LPC17xx_40xx\lpc_chip_17xx\lpc_chip\chip_17xx_40xx\i2c_17xx_40xx.h">
      <Filter>Header files\Device-specific files</Filter>
    </ClInclude>
    <ClInclude Include="$(BSP_ROOT)\LPC17xx_40xx\lpc_chip_17xx\lpc_chip\chip_17xx_40xx\i2s_17xx_40xx.h">
      <Filter>Header files\Device-specific files</Filter>
    </ClInclude>
    <ClInclude Include="$(BSP_ROOT)\LPC17xx_40xx\lpc_chip_17xx\lpc_chip\chip_17xx_40xx\iocon_17xx_40xx.h">
      <Filter>Header files\Device-specific files</Filter>
    </ClInclude>
    <ClInclude Include="$(BSP_ROOT)\LPC17xx_40xx\lpc_chip_17xx\lpc_chip\chip_17xx_40xx\lcd_17xx_40xx.h">
      <Filter>Header files\Device-specific files</Filter>
    </ClInclude>
    <ClInclude Include="$(BSP_ROOT)\LPC17xx_40xx\lpc_chip_17xx\lpc_chip\chip_17xx_40xx\mcpwm_17xx_40xx.h">
      <Filter>Header files\Device-specific files</Filter>
    </ClInclude>
    <ClInclude Include="$(BSP_ROOT)\LPC17xx_40xx\lpc_chip_17xx\lpc_chip\chip_17xx_40xx\pmu_17xx_40xx.h">
      <Filter>Header files\Device-specific files</Filter>
    </ClInclude>
    <ClInclude Include="$(BSP_ROOT)\LPC17xx_40xx\lpc_chip_17xx\lpc_chip\chip_17xx_40xx\qei_17xx_40xx.h">
      <Filter>Header files\Device-specific files</Filter>
    </ClInclude>
    <ClInclude Include="$(BSP_ROOT)\LPC17xx_40xx\lpc_chip_17xx\lpc_chip\chip_17xx_40xx\ritimer_17xx_40xx.h">
      <Filter>Header files\Device-specific files</Filter>
    </ClInclude>
    <ClInclude Include="$(BSP_ROOT)\LPC17xx_40xx\lpc_chip_17xx\lpc_chip\chip_17xx_40xx\romapi_17xx_40xx.h">
      <Filter>Header files\Device-specific files</Filter>
    </ClInclude>
    <ClInclude Include="$(BSP_ROOT)\LPC17xx_40xx\lpc_chip_17xx\lpc_chip\chip_17xx_40xx\rtc_17xx_40xx.h">
      <Filter>Header files\Device-specific files</Filter>
    </ClInclude>
    <ClInclude Include="$(BSP_ROOT)\LPC17xx_40xx\lpc_chip_17xx\lpc_chip\chip_17xx_40xx\sdc_17xx_40xx.h">
      <Filter>Header files\Device-specific files</Filter>
    </ClInclude>
    <ClInclude Include="$(BSP_ROOT)\LPC17xx_40xx\lpc_chip_17xx\lpc_chip\chip_17xx_40xx\sdmmc_17xx_40xx.h">
      <Filter>Header files\Device-specific files</Filter>
    </ClInclude>
    <ClInclude Include="$(BSP_ROOT)\LPC17xx_40xx\lpc_chip_17xx\lpc_chip\chip_17xx_40xx\spifi_17xx_40xx.h">
      <Filter>Header files\Device-specific files</Filter>
    </ClInclude>
    <ClInclude Include="$(BSP_ROOT)\LPC17xx_40xx\lpc_chip_17xx\lpc_chip\chip_17xx_40xx\spi_17xx_40xx.h">
      <Filter>Header files\Device-specific files</Filter>
    </ClInclude>
    <ClInclude Include="$(BSP_ROOT)\LPC17xx_40xx\lpc_chip_17xx\lpc_chip\chip_17xx_40xx\ssp_17xx_40xx.h">
      <Filter>Header files\Device-specific files</Filter>
    </ClInclude>
    <ClInclude Include="$(BSP_ROOT)\LPC17xx_40xx\lpc_chip_17xx\lpc_chip\chip_17xx_40xx\sysctl_17xx_40xx.h">
      <Filter>Header files\Device-specific files</Filter>
    </ClInclude>
    <ClInclude Include="$(BSP_ROOT)\LPC17xx_40xx\lpc_chip_17xx\lpc_chip\chip_17xx_40xx\timer_17xx_40xx.h">
      <Filter>Header files\Device-specific files</Filter>
    </ClInclude>
    <ClInclude Include="$(BSP_ROOT)\LPC17xx_40xx\lpc_chip_17xx\lpc_chip\chip_17xx_40xx\uart_17xx_40xx.h">
      <Filter>Header files\Device-specific files</Filter>
    </ClInclude>
    <ClInclude Include="$(BSP_ROOT)\LPC17xx_40xx\lpc_chip_17xx\lpc_chip\chip_17xx_40xx\usb_17xx_40xx.h">
      <Filter>Header files\Device-specific files</Filter>
    </ClInclude>
    <ClInclude Include="$(BSP_ROOT)\LPC17xx_40xx\lpc_chip_17xx\lpc_chip\chip_17xx_40xx\wwdt_17xx_40xx.h">
      <Filter>Header files\Device-specific files</Filter>
    </ClInclude>
    <ClInclude Include="$(BSP_ROOT)\LPC17xx_40xx\lpc_chip_17xx\lpc_chip\chip_17xx_40xx\config_175x_6x\cmsis_175x_6x.h">
      <Filter>Header files\Device-specific files</Filter>
    </ClInclude>
    <ClInclude Include="$(BSP_ROOT)\LPC17xx_40xx\lpc_chip_17xx\lpc_chip\chip_17xx_40xx\config_177x_8x\cmsis_177x_8x.h">
      <Filter>Header files\Device-specific files</Filter>
    </ClInclude>
    <ClInclude Include="$(BSP_ROOT)\LPC17xx_40xx\lpc_chip_17xx\lpc_chip\chip_common\eeprom.h">
      <Filter>Header files\Device-specific files</Filter>
    </ClInclude>
    <ClInclude Include="$(BSP_ROOT)\LPC17xx_40xx\lpc_chip_17xx\lpc_chip\chip_common\error.h">
      <Filter>Header files\Device-specific files</Filter>
    </ClInclude>
    <ClInclude Include="$(BSP_ROOT)\LPC17xx_40xx\lpc_chip_17xx\lpc_chip\chip_common\fpu_init.h">
      <Filter>Header files\Device-specific files</Filter>
    </ClInclude>
    <ClInclude Include="$(BSP_ROOT)\LPC17xx_40xx\lpc_chip_17xx\lpc_chip\chip_common\iap.h">
      <Filter>Header files\Device-specific files</Filter>
    </ClInclude>
    <ClInclude Include="$(BSP_ROOT)\LPC17xx_40xx\lpc_chip_17xx\lpc_chip\chip_common\lpc_types.h">
      <Filter>Header files\Device-specific files</Filter>
    </ClInclude>
    <ClInclude Include="$(BSP_ROOT)\LPC17xx_40xx\lpc_chip_17xx\lpc_chip\chip_common\ring_buffer.h">
      <Filter>Header files\Device-specific files</Filter>
    </ClInclude>
    <ClInclude Include="$(BSP_ROOT)\LPC17xx_40xx\lpc_chip_17xx\lpc_chip\chip_common\sdmmc.h">
      <Filter>Header files\Device-specific files</Filter>
    </ClInclude>
    <ClInclude Include="$(BSP_ROOT)\LPC17xx_40xx\lpc_chip_17xx\lpc_chip\chip_common\stopwatch.h">
      <Filter>Header files\Device-specific files</Filter>
    </ClInclude>
    <ClInclude Include="$(BSP_ROOT)\LPC17xx_40xx\lpc_chip_17xx\lpc_chip\usbd_rom\usbd.h">
      <Filter>Header files\Device-specific files</Filter>
    </ClInclude>
    <ClInclude Include="$(BSP_ROOT)\LPC17xx_40xx\lpc_chip_17xx\lpc_chip\usbd_rom\usbd_adc.h">
      <Filter>Header files\Device-specific files</Filter>
    </ClInclude>
    <ClInclude Include="$(BSP_ROOT)\LPC17xx_40xx\lpc_chip_17xx\lpc_chip\usbd_rom\usbd_cdc.h">
      <Filter>Header files\Device-specific files</Filter>
    </ClInclude>
    <ClInclude Include="$(BSP_ROOT)\LPC17xx_40xx\lpc_chip_17xx\lpc_chip\usbd_rom\usbd_cdcuser.h">
      <Filter>Header files\Device-specific files</Filter>
    </ClInclude>
    <ClInclude Include="$(BSP_ROOT)\LPC17xx_40xx\lpc_chip_17xx\lpc_chip\usbd_rom\usbd_core.h">
      <Filter>Header files\Device-specific files</Filter>
    </ClInclude>
    <ClInclude Include="$(BSP_ROOT)\LPC17xx_40xx\lpc_chip_17xx\lpc_chip\usbd_rom\usbd_desc.h">
      <Filter>Header files\Device-specific files</Filter>
    </ClInclude>
    <ClInclude Include="$(BSP_ROOT)\LPC17xx_40xx\lpc_chip_17xx\lpc_chip\usbd_rom\usbd_dfu.h">
      <Filter>Header files\Device-specific files</Filter>
    </ClInclude>
    <ClInclude Include="$(BSP_ROOT)\LPC17xx_40xx\lpc_chip_17xx\lpc_chip\usbd_rom\usbd_dfuuser.h">
      <Filter>Header files\Device-specific files</Filter>
    </ClInclude>
    <ClInclude Include="$(BSP_ROOT)\LPC17xx_40xx\lpc_chip_17xx\lpc_chip\usbd_rom\usbd_hid.h">
      <Filter>Header files\Device-specific files</Filter>
    </ClInclude>
    <ClInclude Include="$(BSP_ROOT)\LPC17xx_40xx\lpc_chip_17xx\lpc_chip\usbd_rom\usbd_hiduser.h">
      <Filter>Header files\Device-specific files</Filter>
    </ClInclude>
    <ClInclude Include="$(BSP_ROOT)\LPC17xx_40xx\lpc_chip_17xx\lpc_chip\usbd_rom\usbd_hw.h">
      <Filter>Header files\Device-specific files</Filter>
    </ClInclude>
    <ClInclude Include="$(BSP_ROOT)\LPC17xx_40xx\lpc_chip_17xx\lpc_chip\usbd_rom\usbd_msc.h">
      <Filter>Header files\Device-specific files</Filter>
    </ClInclude>
    <ClInclude Include="$(BSP_ROOT)\LPC17xx_40xx\lpc_chip_17xx\lpc_chip\usbd_rom\usbd_mscuser.h">
      <Filter>Header files\Device-specific files</Filter>
    </ClInclude>
    <ClInclude Include="$(BSP_ROOT)\LPC17xx_40xx\lpc_chip_17xx\lpc_chip\usbd_rom\usbd_rom_api.h">
      <Filter>Header files\Device-specific files</Filter>
    </ClInclude>
    <ClInclude Include="$(BSP_ROOT)\Common\sys_config.h">
      <Filter>Header files\Device-specific files</Filter>
    </ClInclude>
    <None Include="EmbeddedProject11-Debug.vgdbsettings">
      <Filter>VisualGDB settings</Filter>
    </None>
    <None Include="EmbeddedProject11-Release.vgdbsettings">
      <Filter>VisualGDB settings</Filter>
    </None>
    <None Include="nxp_lpc.xml">
      <Filter>VisualGDB settings</Filter>
    </None>
    <ClCompile Include="lpc_core\lpc_board\board_common\lpc_phy_smsc87x0.c">
      <Filter>Source files\Device-specific files</Filter>
    </ClCompile>
    <None Include=".visualgdb\CodeDB\EmbeddedProject11-Debug-VisualGDB\PreambleTimestamp.txt">
      <Filter>Source files\.visualgdb\CodeDB\EmbeddedProject11-Debug-VisualGDB</Filter>
    </None>
    <ClCompile Include="lpc_core\lpc_board\boards_17xx\nxp_lpcxpresso_1769\board.c">
      <Filter>Source files\lpc_core\lpc_board\boards_17xx\nxp_lpcxpresso_1769</Filter>
    </ClCompile>
    <ClCompile Include="lpc_core\lpc_board\boards_17xx\nxp_lpcxpresso_1769\board_sysinit.c">
      <Filter>Source files\lpc_core\lpc_board\boards_17xx\nxp_lpcxpresso_1769</Filter>
    </ClCompile>
    <None Include="lwip\README.txt">
      <Filter>Source files\lwip</Filter>
    </None>
    <ClCompile Include="lwip\lpclwip\arch\lpc17xx_40xx_emac.c">
      <Filter>Source files\lwip\lpclwip\arch</Filter>
    </ClCompile>
    <ClCompile Include="lwip\lpclwip\arch\lpc17xx_40xx_systick_arch.c">
      <Filter>Source files\lwip\lpclwip\arch</Filter>
    </ClCompile>
    <ClCompile Include="lwip\lpclwip\arch\lpc_debug.c">
      <Filter>Source files\lwip\lpclwip\arch</Filter>
    </ClCompile>
    <None Include="lwip\lwip\doc\contrib.txt">
      <Filter>Source files\lwip\lwip\doc</Filter>
    </None>
    <None Include="lwip\lwip\doc\rawapi.txt">
      <Filter>Source files\lwip\lwip\doc</Filter>
    </None>
    <None Include="lwip\lwip\doc\savannah.txt">
      <Filter>Source files\lwip\lwip\doc</Filter>
    </None>
    <None Include="lwip\lwip\doc\snmp_agent.txt">
      <Filter>Source files\lwip\lwip\doc</Filter>
    </None>
    <None Include="lwip\lwip\doc\sys_arch.txt">
      <Filter>Source files\lwip\lwip\doc</Filter>
    </None>
    <ClCompile Include="lwip\lwip\src\api\api_lib.c">
      <Filter>Source files\lwip\lwip\src\api</Filter>
    </ClCompile>
    <ClCompile Include="lwip\lwip\src\api\api_msg.c">
      <Filter>Source files\lwip\lwip\src\api</Filter>
    </ClCompile>
    <ClCompile Include="lwip\lwip\src\api\err.c">
      <Filter>Source files\lwip\lwip\src\api</Filter>
    </ClCompile>
    <ClCompile Include="lwip\lwip\src\api\netbuf.c">
      <Filter>Source files\lwip\lwip\src\api</Filter>
    </ClCompile>
    <ClCompile Include="lwip\lwip\src\api\netdb.c">
      <Filter>Source files\lwip\lwip\src\api</Filter>
    </ClCompile>
    <ClCompile Include="lwip\lwip\src\api\netifapi.c">
      <Filter>Source files\lwip\lwip\src\api</Filter>
    </ClCompile>
    <ClCompile Include="lwip\lwip\src\api\sockets.c">
      <Filter>Source files\lwip\lwip\src\api</Filter>
    </ClCompile>
    <ClCompile Include="lwip\lwip\src\api\tcpip.c">
      <Filter>Source files\lwip\lwip\src\api</Filter>
    </ClCompile>
    <ClCompile Include="lwip\lwip\src\core\def.c">
      <Filter>Source files\lwip\lwip\src\core</Filter>
    </ClCompile>
    <ClCompile Include="lwip\lwip\src\core\dhcp.c">
      <Filter>Source files\lwip\lwip\src\core</Filter>
    </ClCompile>
    <ClCompile Include="lwip\lwip\src\core\dns.c">
      <Filter>Source files\lwip\lwip\src\core</Filter>
    </ClCompile>
    <ClCompile Include="lwip\lwip\src\core\init.c">
      <Filter>Source files\lwip\lwip\src\core</Filter>
    </ClCompile>
    <ClCompile Include="lwip\lwip\src\core\mem.c">
      <Filter>Source files\lwip\lwip\src\core</Filter>
    </ClCompile>
    <ClCompile Include="lwip\lwip\src\core\memp.c">
      <Filter>Source files\lwip\lwip\src\core</Filter>
    </ClCompile>
    <ClCompile Include="lwip\lwip\src\core\netif.c">
      <Filter>Source files\lwip\lwip\src\core</Filter>
    </ClCompile>
    <ClCompile Include="lwip\lwip\src\core\pbuf.c">
      <Filter>Source files\lwip\lwip\src\core</Filter>
    </ClCompile>
    <ClCompile Include="lwip\lwip\src\core\raw.c">
      <Filter>Source files\lwip\lwip\src\core</Filter>
    </ClCompile>
    <ClCompile Include="lwip\lwip\src\core\stats.c">
      <Filter>Source files\lwip\lwip\src\core</Filter>
    </ClCompile>
    <ClCompile Include="lwip\lwip\src\core\sys.c">
      <Filter>Source files\lwip\lwip\src\core</Filter>
    </ClCompile>
    <ClCompile Include="lwip\lwip\src\core\tcp.c">
      <Filter>Source files\lwip\lwip\src\core</Filter>
    </ClCompile>
    <ClCompile Include="lwip\lwip\src\core\tcp_in.c">
      <Filter>Source files\lwip\lwip\src\core</Filter>
    </ClCompile>
    <ClCompile Include="lwip\lwip\src\core\tcp_out.c">
      <Filter>Source files\lwip\lwip\src\core</Filter>
    </ClCompile>
    <ClCompile Include="lwip\lwip\src\core\timers.c">
      <Filter>Source files\lwip\lwip\src\core</Filter>
    </ClCompile>
    <ClCompile Include="lwip\lwip\src\core\udp.c">
      <Filter>Source files\lwip\lwip\src\core</Filter>
    </ClCompile>
    <ClCompile Include="lwip\lwip\src\core\ipv4\autoip.c">
      <Filter>Source files\lwip\lwip\src\core\ipv4</Filter>
    </ClCompile>
    <ClCompile Include="lwip\lwip\src\core\ipv4\icmp.c">
      <Filter>Source files\lwip\lwip\src\core\ipv4</Filter>
    </ClCompile>
    <ClCompile Include="lwip\lwip\src\core\ipv4\igmp.c">
      <Filter>Source files\lwip\lwip\src\core\ipv4</Filter>
    </ClCompile>
    <ClCompile Include="lwip\lwip\src\core\ipv4\inet.c">
      <Filter>Source files\lwip\lwip\src\core\ipv4</Filter>
    </ClCompile>
    <ClCompile Include="lwip\lwip\src\core\ipv4\inet_chksum.c">
      <Filter>Source files\lwip\lwip\src\core\ipv4</Filter>
    </ClCompile>
    <ClCompile Include="lwip\lwip\src\core\ipv4\ip.c">
      <Filter>Source files\lwip\lwip\src\core\ipv4</Filter>
    </ClCompile>
    <ClCompile Include="lwip\lwip\src\core\ipv4\ip_addr.c">
      <Filter>Source files\lwip\lwip\src\core\ipv4</Filter>
    </ClCompile>
    <ClCompile Include="lwip\lwip\src\core\ipv4\ip_frag.c">
      <Filter>Source files\lwip\lwip\src\core\ipv4</Filter>
    </ClCompile>
    <ClCompile Include="lwip\lwip\src\core\snmp\asn1_dec.c">
      <Filter>Source files\lwip\lwip\src\core\snmp</Filter>
    </ClCompile>
    <ClCompile Include="lwip\lwip\src\core\snmp\asn1_enc.c">
      <Filter>Source files\lwip\lwip\src\core\snmp</Filter>
    </ClCompile>
    <ClCompile Include="lwip\lwip\src\core\snmp\mib2.c">
      <Filter>Source files\lwip\lwip\src\core\snmp</Filter>
    </ClCompile>
    <ClCompile Include="lwip\lwip\src\core\snmp\mib_structs.c">
      <Filter>Source files\lwip\lwip\src\core\snmp</Filter>
    </ClCompile>
    <ClCompile Include="lwip\lwip\src\core\snmp\msg_in.c">
      <Filter>Source files\lwip\lwip\src\core\snmp</Filter>
    </ClCompile>
    <ClCompile Include="lwip\lwip\src\core\snmp\msg_out.c">
      <Filter>Source files\lwip\lwip\src\core\snmp</Filter>
    </ClCompile>
    <ClCompile Include="lwip\lwip\src\netif\etharp.c">
      <Filter>Source files\lwip\lwip\src\netif</Filter>
    </ClCompile>
    <ClCompile Include="lwip\lwip\src\netif\ethernetif.c">
      <Filter>Source files\lwip\lwip\src\netif</Filter>
    </ClCompile>
    <ClCompile Include="lwip\lwip\src\netif\slipif.c">
      <Filter>Source files\lwip\lwip\src\netif</Filter>
    </ClCompile>
    <ClCompile Include="lwip\lwip\src\netif\ppp\auth.c">
      <Filter>Source files\lwip\lwip\src\netif\ppp</Filter>
    </ClCompile>
    <ClCompile Include="lwip\lwip\src\netif\ppp\chap.c">
      <Filter>Source files\lwip\lwip\src\netif\ppp</Filter>
    </ClCompile>
    <ClCompile Include="lwip\lwip\src\netif\ppp\chpms.c">
      <Filter>Source files\lwip\lwip\src\netif\ppp</Filter>
    </ClCompile>
    <ClCompile Include="lwip\lwip\src\netif\ppp\fsm.c">
      <Filter>Source files\lwip\lwip\src\netif\ppp</Filter>
    </ClCompile>
    <ClCompile Include="lwip\lwip\src\netif\ppp\ipcp.c">
      <Filter>Source files\lwip\lwip\src\netif\ppp</Filter>
    </ClCompile>
    <ClCompile Include="lwip\lwip\src\netif\ppp\lcp.c">
      <Filter>Source files\lwip\lwip\src\netif\ppp</Filter>
    </ClCompile>
    <ClCompile Include="lwip\lwip\src\netif\ppp\magic.c">
      <Filter>Source files\lwip\lwip\src\netif\ppp</Filter>
    </ClCompile>
    <ClCompile Include="lwip\lwip\src\netif\ppp\md5.c">
      <Filter>Source files\lwip\lwip\src\netif\ppp</Filter>
    </ClCompile>
    <ClCompile Include="lwip\lwip\src\netif\ppp\pap.c">
      <Filter>Source files\lwip\lwip\src\netif\ppp</Filter>
    </ClCompile>
    <ClCompile Include="lwip\lwip\src\netif\ppp\ppp.c">
      <Filter>Source files\lwip\lwip\src\netif\ppp</Filter>
    </ClCompile>
    <ClCompile Include="lwip\lwip\src\netif\ppp\ppp_oe.c">
      <Filter>Source files\lwip\lwip\src\netif\ppp</Filter>
    </ClCompile>
    <ClCompile Include="lwip\lwip\src\netif\ppp\randm.c">
      <Filter>Source files\lwip\lwip\src\netif\ppp</Filter>
    </ClCompile>
    <ClCompile Include="lwip\lwip\src\netif\ppp\vj.c">
      <Filter>Source files\lwip\lwip\src\netif\ppp</Filter>
    </ClCompile>
    <ClInclude Include="lpc_core\lpc_board\boards_17xx\nxp_lpcxpresso_1769\board.h">
      <Filter>Header files\lpc_core\lpc_board\boards_17xx\nxp_lpcxpresso_1769</Filter>
    </ClInclude>
    <ClInclude Include="lpc_core\lpc_board\board_common\board_api.h">
      <Filter>Header files\lpc_core\lpc_board\board_common</Filter>
    </ClInclude>
    <ClInclude Include="lpc_core\lpc_board\board_common\lpc_phy.h">
      <Filter>Header files\lpc_core\lpc_board\board_common</Filter>
    </ClInclude>
    <ClInclude Include="lwip\lpclwip\arch\cc.h">
      <Filter>Header files\lwip\lpclwip\arch</Filter>
    </ClInclude>
    <ClInclude Include="lwip\lpclwip\arch\lpc17xx_40xx_emac.h">
      <Filter>Header files\lwip\lpclwip\arch</Filter>
    </ClInclude>
    <ClInclude Include="lwip\lpclwip\arch\lpc_arch.h">
      <Filter>Header files\lwip\lpclwip\arch</Filter>
    </ClInclude>
    <ClInclude Include="lwip\lpclwip\arch\perf.h">
      <Filter>Header files\lwip\lpclwip\arch</Filter>
    </ClInclude>
    <ClInclude Include="lwip\lwip\src\include\ipv4\lwip\autoip.h">
      <Filter>Header files\lwip\lwip\src\include\ipv4\lwip</Filter>
    </ClInclude>
    <ClInclude Include="lwip\lwip\src\include\ipv4\lwip\icmp.h">
      <Filter>Header files\lwip\lwip\src\include\ipv4\lwip</Filter>
    </ClInclude>
    <ClInclude Include="lwip\lwip\src\include\ipv4\lwip\igmp.h">
      <Filter>Header files\lwip\lwip\src\include\ipv4\lwip</Filter>
    </ClInclude>
    <ClInclude Include="lwip\lwip\src\include\ipv4\lwip\inet.h">
      <Filter>Header files\lwip\lwip\src\include\ipv4\lwip</Filter>
    </ClInclude>
    <ClInclude Include="lwip\lwip\src\include\ipv4\lwip\inet_chksum.h">
      <Filter>Header files\lwip\lwip\src\include\ipv4\lwip</Filter>
    </ClInclude>
    <ClInclude Include="lwip\lwip\src\include\ipv4\lwip\ip.h">
      <Filter>Header files\lwip\lwip\src\include\ipv4\lwip</Filter>
    </ClInclude>
    <ClInclude Include="lwip\lwip\src\include\ipv4\lwip\ip_addr.h">
      <Filter>Header files\lwip\lwip\src\include\ipv4\lwip</Filter>
    </ClInclude>
    <ClInclude Include="lwip\lwip\src\include\ipv4\lwip\ip_frag.h">
      <Filter>Header files\lwip\lwip\src\include\ipv4\lwip</Filter>
    </ClInclude>
    <ClInclude Include="lwip\lwip\src\include\ipv6\lwip\icmp.h">
      <Filter>Header files\lwip\lwip\src\include\ipv6\lwip</Filter>
    </ClInclude>
    <ClInclude Include="lwip\lwip\src\include\ipv6\lwip\inet.h">
      <Filter>Header files\lwip\lwip\src\include\ipv6\lwip</Filter>
    </ClInclude>
    <ClInclude Include="lwip\lwip\src\include\ipv6\lwip\ip.h">
      <Filter>Header files\lwip\lwip\src\include\ipv6\lwip</Filter>
    </ClInclude>
    <ClInclude Include="lwip\lwip\src\include\ipv6\lwip\ip_addr.h">
      <Filter>Header files\lwip\lwip\src\include\ipv6\lwip</Filter>
    </ClInclude>
    <ClInclude Include="lwip\lwip\src\include\lwip\api.h">
      <Filter>Header files\lwip\lwip\src\include\lwip</Filter>
    </ClInclude>
    <ClInclude Include="lwip\lwip\src\include\lwip\api_msg.h">
      <Filter>Header files\lwip\lwip\src\include\lwip</Filter>
    </ClInclude>
    <ClInclude Include="lwip\lwip\src\include\lwip\arch.h">
      <Filter>Header files\lwip\lwip\src\include\lwip</Filter>
    </ClInclude>
    <ClInclude Include="lwip\lwip\src\include\lwip\debug.h">
      <Filter>Header files\lwip\lwip\src\include\lwip</Filter>
    </ClInclude>
    <ClInclude Include="lwip\lwip\src\include\lwip\def.h">
      <Filter>Header files\lwip\lwip\src\include\lwip</Filter>
    </ClInclude>
    <ClInclude Include="lwip\lwip\src\include\lwip\dhcp.h">
      <Filter>Header files\lwip\lwip\src\include\lwip</Filter>
    </ClInclude>
    <ClInclude Include="lwip\lwip\src\include\lwip\dns.h">
      <Filter>Header files\lwip\lwip\src\include\lwip</Filter>
    </ClInclude>
    <ClInclude Include="lwip\lwip\src\include\lwip\err.h">
      <Filter>Header files\lwip\lwip\src\include\lwip</Filter>
    </ClInclude>
    <ClInclude Include="lwip\lwip\src\include\lwip\init.h">
      <Filter>Header files\lwip\lwip\src\include\lwip</Filter>
    </ClInclude>
    <ClInclude Include="lwip\lwip\src\include\lwip\mem.h">
      <Filter>Header files\lwip\lwip\src\include\lwip</Filter>
    </ClInclude>
    <ClInclude Include="lwip\lwip\src\include\lwip\memp.h">
      <Filter>Header files\lwip\lwip\src\include\lwip</Filter>
    </ClInclude>
    <ClInclude Include="lwip\lwip\src\include\lwip\memp_std.h">
      <Filter>Header files\lwip\lwip\src\include\lwip</Filter>
    </ClInclude>
    <ClInclude Include="lwip\lwip\src\include\lwip\netbuf.h">
      <Filter>Header files\lwip\lwip\src\include\lwip</Filter>
    </ClInclude>
    <ClInclude Include="lwip\lwip\src\include\lwip\netdb.h">
      <Filter>Header files\lwip\lwip\src\include\lwip</Filter>
    </ClInclude>
    <ClInclude Include="lwip\lwip\src\include\lwip\netif.h">
      <Filter>Header files\lwip\lwip\src\include\lwip</Filter>
    </ClInclude>
    <ClInclude Include="lwip\lwip\src\include\lwip\netifapi.h">
      <Filter>Header files\lwip\lwip\src\include\lwip</Filter>
    </ClInclude>
    <ClInclude Include="lwip\lwip\src\include\lwip\opt.h">
      <Filter>Header files\lwip\lwip\src\include\lwip</Filter>
    </ClInclude>
    <ClInclude Include="lwip\lwip\src\include\lwip\pbuf.h">
      <Filter>Header files\lwip\lwip\src\include\lwip</Filter>
    </ClInclude>
    <ClInclude Include="lwip\lwip\src\include\lwip\raw.h">
      <Filter>Header files\lwip\lwip\src\include\lwip</Filter>
    </ClInclude>
    <ClInclude Include="lwip\lwip\src\include\lwip\sio.h">
      <Filter>Header files\lwip\lwip\src\include\lwip</Filter>
    </ClInclude>
    <ClInclude Include="lwip\lwip\src\include\lwip\snmp.h">
      <Filter>Header files\lwip\lwip\src\include\lwip</Filter>
    </ClInclude>
    <ClInclude Include="lwip\lwip\src\include\lwip\snmp_asn1.h">
      <Filter>Header files\lwip\lwip\src\include\lwip</Filter>
    </ClInclude>
    <ClInclude Include="lwip\lwip\src\include\lwip\snmp_msg.h">
      <Filter>Header files\lwip\lwip\src\include\lwip</Filter>
    </ClInclude>
    <ClInclude Include="lwip\lwip\src\include\lwip\snmp_structs.h">
      <Filter>Header files\lwip\lwip\src\include\lwip</Filter>
    </ClInclude>
    <ClInclude Include="lwip\lwip\src\include\lwip\sockets.h">
      <Filter>Header files\lwip\lwip\src\include\lwip</Filter>
    </ClInclude>
    <ClInclude Include="lwip\lwip\src\include\lwip\stats.h">
      <Filter>Header files\lwip\lwip\src\include\lwip</Filter>
    </ClInclude>
    <ClInclude Include="lwip\lwip\src\include\lwip\sys.h">
      <Filter>Header files\lwip\lwip\src\include\lwip</Filter>
    </ClInclude>
    <ClInclude Include="lwip\lwip\src\include\lwip\tcp.h">
      <Filter>Header files\lwip\lwip\src\include\lwip</Filter>
    </ClInclude>
    <ClInclude Include="lwip\lwip\src\include\lwip\tcpip.h">
      <Filter>Header files\lwip\lwip\src\include\lwip</Filter>
    </ClInclude>
    <ClInclude Include="lwip\lwip\src\include\lwip\tcp_impl.h">
      <Filter>Header files\lwip\lwip\src\include\lwip</Filter>
    </ClInclude>
    <ClInclude Include="lwip\lwip\src\include\lwip\timers.h">
      <Filter>Header files\lwip\lwip\src\include\lwip</Filter>
    </ClInclude>
    <ClInclude Include="lwip\lwip\src\include\lwip\udp.h">
      <Filter>Header files\lwip\lwip\src\include\lwip</Filter>
    </ClInclude>
    <ClInclude Include="lwip\lwip\src\include\netif\etharp.h">
      <Filter>Header files\lwip\lwip\src\include\netif</Filter>
    </ClInclude>
    <ClInclude Include="lwip\lwip\src\include\netif\ppp_oe.h">
      <Filter>Header files\lwip\lwip\src\include\netif</Filter>
    </ClInclude>
    <ClInclude Include="lwip\lwip\src\include\netif\slipif.h">
      <Filter>Header files\lwip\lwip\src\include\netif</Filter>
    </ClInclude>
    <ClInclude Include="lwip\lwip\src\include\posix\netdb.h">
      <Filter>Header files\lwip\lwip\src\include\posix</Filter>
    </ClInclude>
    <ClInclude Include="lwip\lwip\src\include\posix\sys\socket.h">
      <Filter>Header files\lwip\lwip\src\include\posix\sys</Filter>
    </ClInclude>
    <ClInclude Include="lwip\lwip\src\netif\ppp\auth.h">
      <Filter>Header files\lwip\lwip\src\netif\ppp</Filter>
    </ClInclude>
    <ClInclude Include="lwip\lwip\src\netif\ppp\chap.h">
      <Filter>Header files\lwip\lwip\src\netif\ppp</Filter>
    </ClInclude>
    <ClInclude Include="lwip\lwip\src\netif\ppp\chpms.h">
      <Filter>Header files\lwip\lwip\src\netif\ppp</Filter>
    </ClInclude>
    <ClInclude Include="lwip\lwip\src\netif\ppp\fsm.h">
      <Filter>Header files\lwip\lwip\src\netif\ppp</Filter>
    </ClInclude>
    <ClInclude Include="lwip\lwip\src\netif\ppp\ipcp.h">
      <Filter>Header files\lwip\lwip\src\netif\ppp</Filter>
    </ClInclude>
    <ClInclude Include="lwip\lwip\src\netif\ppp\lcp.h">
      <Filter>Header files\lwip\lwip\src\netif\ppp</Filter>
    </ClInclude>
    <ClInclude Include="lwip\lwip\src\netif\ppp\magic.h">
      <Filter>Header files\lwip\lwip\src\netif\ppp</Filter>
    </ClInclude>
    <ClInclude Include="lwip\lwip\src\netif\ppp\md5.h">
      <Filter>Header files\lwip\lwip\src\netif\ppp</Filter>
    </ClInclude>
    <ClInclude Include="lwip\lwip\src\netif\ppp\pap.h">
      <Filter>Header files\lwip\lwip\src\netif\ppp</Filter>
    </ClInclude>
    <ClInclude Include="lwip\lwip\src\netif\ppp\ppp.h">
      <Filter>Header files\lwip\lwip\src\netif\ppp</Filter>
    </ClInclude>
    <ClInclude Include="lwip\lwip\src\netif\ppp\pppdebug.h">
      <Filter>Header files\lwip\lwip\src\netif\ppp</Filter>
    </ClInclude>
    <ClInclude Include="lwip\lwip\src\netif\ppp\ppp_impl.h">
      <Filter>Header files\lwip\lwip\src\netif\ppp</Filter>
    </ClInclude>
    <ClInclude Include="lwip\lwip\src\netif\ppp\randm.h">
      <Filter>Header files\lwip\lwip\src\netif\ppp</Filter>
    </ClInclude>
    <ClInclude Include="lwip\lwip\src\netif\ppp\vj.h">
      <Filter>Header files\lwip\lwip\src\netif\ppp</Filter>
    </ClInclude>
    <ClCompile Include="GRMS.c">
      <Filter>Source files</Filter>
    </ClCompile>
  </ItemGroup>
  <ItemGroup>
    <ClInclude Include="ModBus Src\modbus\include\mbframe.h">
      <Filter>Header files\ModBus Source\Common\include</Filter>
    </ClInclude>
    <ClInclude Include="ModBus Src\modbus\include\mbfunc.h">
      <Filter>Header files\ModBus Source\Common\include</Filter>
    </ClInclude>
    <ClInclude Include="ModBus Src\modbus\include\mbport.h">
      <Filter>Header files\ModBus Source\Common\include</Filter>
    </ClInclude>
    <ClInclude Include="ModBus Src\modbus\include\mbproto.h">
      <Filter>Header files\ModBus Source\Common\include</Filter>
    </ClInclude>
    <ClInclude Include="ModBus Src\modbus\include\mbutils.h">
      <Filter>Header files\ModBus Source\Common\include</Filter>
    </ClInclude>
    <ClInclude Include="ModBus Src\modbus\include\mbconfig.h">
      <Filter>Header files\ModBus Source\Common\include</Filter>
    </ClInclude>
    <ClInclude Include="User_Config.h">
      <Filter>Header files</Filter>
    </ClInclude>
    <ClInclude Include="lwip\Config Files\lpc_17xx40xx_emac_config.h">
      <Filter>Header files\lwip\config</Filter>
    </ClInclude>
    <ClInclude Include="lwip\Config Files\lwipopts.h">
      <Filter>Header files\lwip\config</Filter>
    </ClInclude>
    <ClInclude Include="ModBus Src\modbus\include\mb.h">
      <Filter>Header files\ModBus Source\ModBus TCP\modbus\include</Filter>
    </ClInclude>
    <ClInclude Include="ModBus Src\port\mbconfig.h">
      <Filter>Header files\ModBus Source\Common</Filter>
    </ClInclude>
    <ClInclude Include="ModBus Src\modbus\include\mb_m.h">
      <Filter>Header files\ModBus Source\ModBus RTU\modbus\include</Filter>
    </ClInclude>
    <ClInclude Include="ModBus Src\modbus\rtu\mbrtu.h">
      <Filter>Header files\ModBus Source\ModBus RTU\modbus\rtu</Filter>
    </ClInclude>
    <ClInclude Include="ModBus Src\port\port.h">
      <Filter>Header files\ModBus Source\Common</Filter>
    </ClInclude>
    <ClInclude Include="ModBus Src\port\user_mb_app.h">
      <Filter>Header files\ModBus Source\Common</Filter>
    </ClInclude>
    <ClInclude Include="ModBus_Src\modbus\tcp\mbtcp.h">
      <Filter>Header files\ModBus Source\ModBus TCP\modbus\tcp</Filter>
    </ClInclude>
  </ItemGroup>
  <ItemGroup>
    <ClCompile Include="ModBus_Src\modbus\functions\mbfunccoils.c">
      <Filter>Source files\ModBus Source\ModBus TCP\modbus\functions</Filter>
    </ClCompile>
    <ClCompile Include="ModBus_Src\modbus\functions\mbfunccoils_m.c">
      <Filter>Source files\ModBus Source\ModBus RTU\modbus\functions</Filter>
    </ClCompile>
    <ClCompile Include="ModBus_Src\modbus\functions\mbfuncdisc_m.c">
      <Filter>Source files\ModBus Source\ModBus RTU\modbus\functions</Filter>
    </ClCompile>
    <ClCompile Include="ModBus_Src\modbus\functions\mbfuncholding_m.c">
      <Filter>Source files\ModBus Source\ModBus RTU\modbus\functions</Filter>
    </ClCompile>
    <ClCompile Include="ModBus_Src\modbus\functions\mbfuncinput_m.c">
      <Filter>Source files\ModBus Source\ModBus RTU\modbus\functions</Filter>
    </ClCompile>
    <ClCompile Include="ModBus_Src\modbus\functions\mbfuncdisc.c">
      <Filter>Source files\ModBus Source\ModBus TCP\modbus\functions</Filter>
    </ClCompile>
    <ClCompile Include="ModBus_Src\modbus\functions\mbfuncholding.c">
      <Filter>Source files\ModBus Source\ModBus TCP\modbus\functions</Filter>
    </ClCompile>
    <ClCompile Include="ModBus_Src\modbus\functions\mbfuncinput.c">
      <Filter>Source files\ModBus Source\ModBus TCP\modbus\functions</Filter>
    </ClCompile>
    <ClCompile Include="ModBus_Src\modbus\functions\mbfuncdiag.c">
      <Filter>Source files\ModBus Source\Common</Filter>
    </ClCompile>
    <ClCompile Include="ModBus_Src\modbus\functions\mbfuncother.c">
      <Filter>Source files\ModBus Source\Common</Filter>
    </ClCompile>
    <ClCompile Include="ModBus_Src\modbus\functions\mbutils.c">
      <Filter>Source files\ModBus Source\Common</Filter>
    </ClCompile>
    <ClCompile Include="ModBus_Src\modbus\mb_m.c">
      <Filter>Source files\ModBus Source\ModBus RTU\modbus</Filter>
    </ClCompile>
    <ClCompile Include="ModBus_Src\modbus\mb.c">
      <Filter>Source files\ModBus Source\ModBus TCP\modbus</Filter>
    </ClCompile>
    <ClCompile Include="ModBus_Src\modbus\tcp\mbtcp.c">
      <Filter>Source files\ModBus Source\ModBus TCP\modbus\tcp</Filter>
    </ClCompile>
    <ClCompile Include="ModBus_Src\modbus\rtu\mbcrc.c">
      <Filter>Source files\ModBus Source\ModBus RTU\modbus\rtu</Filter>
    </ClCompile>
    <ClCompile Include="ModBus_Src\modbus\rtu\mbrtu_m.c">
      <Filter>Source files\ModBus Source\ModBus RTU\modbus\rtu</Filter>
    </ClCompile>
    <ClCompile Include="ModBus_Src\port\COMMON\port.c">
      <Filter>Source files\ModBus Source\Common</Filter>
    </ClCompile>
    <ClCompile Include="ModBus_Src\port\RTU\portevent_m.c">
      <Filter>Source files\ModBus Source\ModBus RTU\port</Filter>
    </ClCompile>
    <ClCompile Include="ModBus_Src\port\RTU\portserial_m.c">
      <Filter>Source files\ModBus Source\ModBus RTU\port</Filter>
    </ClCompile>
    <ClCompile Include="ModBus_Src\port\RTU\porttimer_m.c">
      <Filter>Source files\ModBus Source\ModBus RTU\port</Filter>
    </ClCompile>
    <ClCompile Include="ModBus_Src\port\RTU\user_mb_app_m.c">
      <Filter>Source files\ModBus Source\ModBus RTU</Filter>
    </ClCompile>
    <ClCompile Include="ModBus_Src\port\TCP\portevent.c">
      <Filter>Source files\ModBus Source\ModBus TCP\port</Filter>
    </ClCompile>
    <ClCompile Include="ModBus_Src\port\TCP\portother.c">
      <Filter>Source files\ModBus Source\ModBus TCP\port</Filter>
    </ClCompile>
    <ClCompile Include="ModBus_Src\port\TCP\porttcp.c">
      <Filter>Source files\ModBus Source\ModBus TCP\port</Filter>
    </ClCompile>
    <ClCompile Include="ModBus_Src\port\TCP\user_mb_app.c">
      <Filter>Source files\ModBus Source\ModBus TCP</Filter>
    </ClCompile>
  </ItemGroup>
</Project>